// !$*UTF8*$!
{
	archiveVersion = 1;
	classes = {
	};
	objectVersion = 60;
	objects = {

/* Begin PBXBuildFile section */
		378B1E642C3C973700F644D7 /* APIInteractor.docc in Sources */ = {isa = PBXBuildFile; fileRef = 378B1E632C3C973700F644D7 /* APIInteractor.docc */; };
		378B1E6A2C3C973700F644D7 /* APIInteractor.framework in Frameworks */ = {isa = PBXBuildFile; fileRef = 378B1E5F2C3C973700F644D7 /* APIInteractor.framework */; };
		378B1E6F2C3C973700F644D7 /* APIInteractorTests.swift in Sources */ = {isa = PBXBuildFile; fileRef = 378B1E6E2C3C973700F644D7 /* APIInteractorTests.swift */; };
		378B1E702C3C973700F644D7 /* APIInteractor.h in Headers */ = {isa = PBXBuildFile; fileRef = 378B1E622C3C973700F644D7 /* APIInteractor.h */; settings = {ATTRIBUTES = (Public, ); }; };
		378B1E852C3C97A400F644D7 /* APIEndpoint.swift in Sources */ = {isa = PBXBuildFile; fileRef = 378B1E812C3C97A400F644D7 /* APIEndpoint.swift */; };
		378B1E862C3C97A400F644D7 /* APIExecutor.swift in Sources */ = {isa = PBXBuildFile; fileRef = 378B1E832C3C97A400F644D7 /* APIExecutor.swift */; };
		378B1E872C3C97A400F644D7 /* HttpMethodType.swift in Sources */ = {isa = PBXBuildFile; fileRef = 378B1E842C3C97A400F644D7 /* HttpMethodType.swift */; };
		378B1E882C3C97A400F644D7 /* APIError.swift in Sources */ = {isa = PBXBuildFile; fileRef = 378B1E822C3C97A400F644D7 /* APIError.swift */; };
/* End PBXBuildFile section */

/* Begin PBXContainerItemProxy section */
		378B1E6B2C3C973700F644D7 /* PBXContainerItemProxy */ = {
			isa = PBXContainerItemProxy;
			containerPortal = 378B1E562C3C973700F644D7 /* Project object */;
			proxyType = 1;
			remoteGlobalIDString = 378B1E5E2C3C973700F644D7;
			remoteInfo = APIInteractor;
		};
/* End PBXContainerItemProxy section */

/* Begin PBXFileReference section */
		378B1E5F2C3C973700F644D7 /* APIInteractor.framework */ = {isa = PBXFileReference; explicitFileType = wrapper.framework; includeInIndex = 0; path = APIInteractor.framework; sourceTree = BUILT_PRODUCTS_DIR; };
		378B1E622C3C973700F644D7 /* APIInteractor.h */ = {isa = PBXFileReference; lastKnownFileType = sourcecode.c.h; path = APIInteractor.h; sourceTree = "<group>"; };
		378B1E632C3C973700F644D7 /* APIInteractor.docc */ = {isa = PBXFileReference; lastKnownFileType = folder.documentationcatalog; path = APIInteractor.docc; sourceTree = "<group>"; };
		378B1E692C3C973700F644D7 /* APIInteractorTests.xctest */ = {isa = PBXFileReference; explicitFileType = wrapper.cfbundle; includeInIndex = 0; path = APIInteractorTests.xctest; sourceTree = BUILT_PRODUCTS_DIR; };
		378B1E6E2C3C973700F644D7 /* APIInteractorTests.swift */ = {isa = PBXFileReference; lastKnownFileType = sourcecode.swift; path = APIInteractorTests.swift; sourceTree = "<group>"; };
		378B1E812C3C97A400F644D7 /* APIEndpoint.swift */ = {isa = PBXFileReference; lastKnownFileType = sourcecode.swift; path = APIEndpoint.swift; sourceTree = "<group>"; };
		378B1E822C3C97A400F644D7 /* APIError.swift */ = {isa = PBXFileReference; lastKnownFileType = sourcecode.swift; path = APIError.swift; sourceTree = "<group>"; };
		378B1E832C3C97A400F644D7 /* APIExecutor.swift */ = {isa = PBXFileReference; lastKnownFileType = sourcecode.swift; path = APIExecutor.swift; sourceTree = "<group>"; };
		378B1E842C3C97A400F644D7 /* HttpMethodType.swift */ = {isa = PBXFileReference; lastKnownFileType = sourcecode.swift; path = HttpMethodType.swift; sourceTree = "<group>"; };
/* End PBXFileReference section */

/* Begin PBXFrameworksBuildPhase section */
		378B1E5C2C3C973700F644D7 /* Frameworks */ = {
			isa = PBXFrameworksBuildPhase;
			buildActionMask = 2147483647;
			files = (
			);
			runOnlyForDeploymentPostprocessing = 0;
		};
		378B1E662C3C973700F644D7 /* Frameworks */ = {
			isa = PBXFrameworksBuildPhase;
			buildActionMask = 2147483647;
			files = (
				378B1E6A2C3C973700F644D7 /* APIInteractor.framework in Frameworks */,
			);
			runOnlyForDeploymentPostprocessing = 0;
		};
/* End PBXFrameworksBuildPhase section */

/* Begin PBXGroup section */
		378B1E552C3C973700F644D7 = {
			isa = PBXGroup;
			children = (
				378B1E612C3C973700F644D7 /* APIInteractor */,
				378B1E6D2C3C973700F644D7 /* APIInteractorTests */,
				378B1E602C3C973700F644D7 /* Products */,
			);
			sourceTree = "<group>";
		};
		378B1E602C3C973700F644D7 /* Products */ = {
			isa = PBXGroup;
			children = (
				378B1E5F2C3C973700F644D7 /* APIInteractor.framework */,
				378B1E692C3C973700F644D7 /* APIInteractorTests.xctest */,
			);
			name = Products;
			sourceTree = "<group>";
		};
		378B1E612C3C973700F644D7 /* APIInteractor */ = {
			isa = PBXGroup;
			children = (
				378B1E812C3C97A400F644D7 /* APIEndpoint.swift */,
				378B1E822C3C97A400F644D7 /* APIError.swift */,
				378B1E832C3C97A400F644D7 /* APIExecutor.swift */,
				378B1E842C3C97A400F644D7 /* HttpMethodType.swift */,
				378B1E622C3C973700F644D7 /* APIInteractor.h */,
				378B1E632C3C973700F644D7 /* APIInteractor.docc */,
			);
			path = APIInteractor;
			sourceTree = "<group>";
		};
		378B1E6D2C3C973700F644D7 /* APIInteractorTests */ = {
			isa = PBXGroup;
			children = (
				378B1E6E2C3C973700F644D7 /* APIInteractorTests.swift */,
			);
			path = APIInteractorTests;
			sourceTree = "<group>";
		};
/* End PBXGroup section */

/* Begin PBXHeadersBuildPhase section */
		378B1E5A2C3C973700F644D7 /* Headers */ = {
			isa = PBXHeadersBuildPhase;
			buildActionMask = 2147483647;
			files = (
				378B1E702C3C973700F644D7 /* APIInteractor.h in Headers */,
			);
			runOnlyForDeploymentPostprocessing = 0;
		};
/* End PBXHeadersBuildPhase section */

/* Begin PBXNativeTarget section */
		378B1E5E2C3C973700F644D7 /* APIInteractor */ = {
			isa = PBXNativeTarget;
			buildConfigurationList = 378B1E732C3C973700F644D7 /* Build configuration list for PBXNativeTarget "APIInteractor" */;
			buildPhases = (
				378B1E5A2C3C973700F644D7 /* Headers */,
				378B1E5B2C3C973700F644D7 /* Sources */,
				378B1E5C2C3C973700F644D7 /* Frameworks */,
				378B1E5D2C3C973700F644D7 /* Resources */,
			);
			buildRules = (
			);
			dependencies = (
			);
			name = APIInteractor;
			productName = APIInteractor;
			productReference = 378B1E5F2C3C973700F644D7 /* APIInteractor.framework */;
			productType = "com.apple.product-type.framework";
		};
		378B1E682C3C973700F644D7 /* APIInteractorTests */ = {
			isa = PBXNativeTarget;
			buildConfigurationList = 378B1E762C3C973700F644D7 /* Build configuration list for PBXNativeTarget "APIInteractorTests" */;
			buildPhases = (
				378B1E652C3C973700F644D7 /* Sources */,
				378B1E662C3C973700F644D7 /* Frameworks */,
				378B1E672C3C973700F644D7 /* Resources */,
			);
			buildRules = (
			);
			dependencies = (
				378B1E6C2C3C973700F644D7 /* PBXTargetDependency */,
			);
			name = APIInteractorTests;
			productName = APIInteractorTests;
			productReference = 378B1E692C3C973700F644D7 /* APIInteractorTests.xctest */;
			productType = "com.apple.product-type.bundle.unit-test";
		};
/* End PBXNativeTarget section */

/* Begin PBXProject section */
		378B1E562C3C973700F644D7 /* Project object */ = {
			isa = PBXProject;
			attributes = {
				BuildIndependentTargetsInParallel = 1;
				LastSwiftUpdateCheck = 1600;
				LastUpgradeCheck = 1600;
				TargetAttributes = {
					378B1E5E2C3C973700F644D7 = {
						CreatedOnToolsVersion = 16.0;
					};
					378B1E682C3C973700F644D7 = {
						CreatedOnToolsVersion = 16.0;
					};
				};
			};
			buildConfigurationList = 378B1E592C3C973700F644D7 /* Build configuration list for PBXProject "APIInteractor" */;
			compatibilityVersion = "Xcode 15.0";
			developmentRegion = en;
			hasScannedForEncodings = 0;
			knownRegions = (
				en,
				Base,
			);
			mainGroup = 378B1E552C3C973700F644D7;
			productRefGroup = 378B1E602C3C973700F644D7 /* Products */;
			projectDirPath = "";
			projectRoot = "";
			targets = (
				378B1E5E2C3C973700F644D7 /* APIInteractor */,
				378B1E682C3C973700F644D7 /* APIInteractorTests */,
			);
		};
/* End PBXProject section */

/* Begin PBXResourcesBuildPhase section */
		378B1E5D2C3C973700F644D7 /* Resources */ = {
			isa = PBXResourcesBuildPhase;
			buildActionMask = 2147483647;
			files = (
			);
			runOnlyForDeploymentPostprocessing = 0;
		};
		378B1E672C3C973700F644D7 /* Resources */ = {
			isa = PBXResourcesBuildPhase;
			buildActionMask = 2147483647;
			files = (
			);
			runOnlyForDeploymentPostprocessing = 0;
		};
/* End PBXResourcesBuildPhase section */

/* Begin PBXSourcesBuildPhase section */
		378B1E5B2C3C973700F644D7 /* Sources */ = {
			isa = PBXSourcesBuildPhase;
			buildActionMask = 2147483647;
			files = (
				378B1E642C3C973700F644D7 /* APIInteractor.docc in Sources */,
				378B1E852C3C97A400F644D7 /* APIEndpoint.swift in Sources */,
				378B1E862C3C97A400F644D7 /* APIExecutor.swift in Sources */,
				378B1E872C3C97A400F644D7 /* HttpMethodType.swift in Sources */,
				378B1E882C3C97A400F644D7 /* APIError.swift in Sources */,
			);
			runOnlyForDeploymentPostprocessing = 0;
		};
		378B1E652C3C973700F644D7 /* Sources */ = {
			isa = PBXSourcesBuildPhase;
			buildActionMask = 2147483647;
			files = (
				378B1E6F2C3C973700F644D7 /* APIInteractorTests.swift in Sources */,
			);
			runOnlyForDeploymentPostprocessing = 0;
		};
/* End PBXSourcesBuildPhase section */

/* Begin PBXTargetDependency section */
		378B1E6C2C3C973700F644D7 /* PBXTargetDependency */ = {
			isa = PBXTargetDependency;
			target = 378B1E5E2C3C973700F644D7 /* APIInteractor */;
			targetProxy = 378B1E6B2C3C973700F644D7 /* PBXContainerItemProxy */;
		};
/* End PBXTargetDependency section */

/* Begin XCBuildConfiguration section */
		378B1E712C3C973700F644D7 /* Debug */ = {
			isa = XCBuildConfiguration;
			buildSettings = {
				ALWAYS_SEARCH_USER_PATHS = NO;
				ASSETCATALOG_COMPILER_GENERATE_SWIFT_ASSET_SYMBOL_EXTENSIONS = YES;
				CLANG_ANALYZER_NONNULL = YES;
				CLANG_ANALYZER_NUMBER_OBJECT_CONVERSION = YES_AGGRESSIVE;
				CLANG_CXX_LANGUAGE_STANDARD = "gnu++20";
				CLANG_ENABLE_MODULES = YES;
				CLANG_ENABLE_OBJC_ARC = YES;
				CLANG_ENABLE_OBJC_WEAK = YES;
				CLANG_WARN_BLOCK_CAPTURE_AUTORELEASING = YES;
				CLANG_WARN_BOOL_CONVERSION = YES;
				CLANG_WARN_COMMA = YES;
				CLANG_WARN_CONSTANT_CONVERSION = YES;
				CLANG_WARN_DEPRECATED_OBJC_IMPLEMENTATIONS = YES;
				CLANG_WARN_DIRECT_OBJC_ISA_USAGE = YES_ERROR;
				CLANG_WARN_DOCUMENTATION_COMMENTS = YES;
				CLANG_WARN_EMPTY_BODY = YES;
				CLANG_WARN_ENUM_CONVERSION = YES;
				CLANG_WARN_INFINITE_RECURSION = YES;
				CLANG_WARN_INT_CONVERSION = YES;
				CLANG_WARN_NON_LITERAL_NULL_CONVERSION = YES;
				CLANG_WARN_OBJC_IMPLICIT_RETAIN_SELF = YES;
				CLANG_WARN_OBJC_LITERAL_CONVERSION = YES;
				CLANG_WARN_OBJC_ROOT_CLASS = YES_ERROR;
				CLANG_WARN_QUOTED_INCLUDE_IN_FRAMEWORK_HEADER = YES;
				CLANG_WARN_RANGE_LOOP_ANALYSIS = YES;
				CLANG_WARN_STRICT_PROTOTYPES = YES;
				CLANG_WARN_SUSPICIOUS_MOVE = YES;
				CLANG_WARN_UNGUARDED_AVAILABILITY = YES_AGGRESSIVE;
				CLANG_WARN_UNREACHABLE_CODE = YES;
				CLANG_WARN__DUPLICATE_METHOD_MATCH = YES;
				COPY_PHASE_STRIP = NO;
				CURRENT_PROJECT_VERSION = 1;
				DEBUG_INFORMATION_FORMAT = dwarf;
				ENABLE_STRICT_OBJC_MSGSEND = YES;
				ENABLE_TESTABILITY = YES;
				ENABLE_USER_SCRIPT_SANDBOXING = YES;
				GCC_C_LANGUAGE_STANDARD = gnu17;
				GCC_DYNAMIC_NO_PIC = NO;
				GCC_NO_COMMON_BLOCKS = YES;
				GCC_OPTIMIZATION_LEVEL = 0;
				GCC_PREPROCESSOR_DEFINITIONS = (
					"DEBUG=1",
					"$(inherited)",
				);
				GCC_WARN_64_TO_32_BIT_CONVERSION = YES;
				GCC_WARN_ABOUT_RETURN_TYPE = YES_ERROR;
				GCC_WARN_UNDECLARED_SELECTOR = YES;
				GCC_WARN_UNINITIALIZED_AUTOS = YES_AGGRESSIVE;
				GCC_WARN_UNUSED_FUNCTION = YES;
				GCC_WARN_UNUSED_VARIABLE = YES;
				LOCALIZATION_PREFERS_STRING_CATALOGS = YES;
				MTL_ENABLE_DEBUG_INFO = INCLUDE_SOURCE;
				MTL_FAST_MATH = YES;
				ONLY_ACTIVE_ARCH = YES;
				SWIFT_ACTIVE_COMPILATION_CONDITIONS = "DEBUG $(inherited)";
				SWIFT_OPTIMIZATION_LEVEL = "-Onone";
				VERSIONING_SYSTEM = "apple-generic";
				VERSION_INFO_PREFIX = "";
			};
			name = Debug;
		};
		378B1E722C3C973700F644D7 /* Release */ = {
			isa = XCBuildConfiguration;
			buildSettings = {
				ALWAYS_SEARCH_USER_PATHS = NO;
				ASSETCATALOG_COMPILER_GENERATE_SWIFT_ASSET_SYMBOL_EXTENSIONS = YES;
				CLANG_ANALYZER_NONNULL = YES;
				CLANG_ANALYZER_NUMBER_OBJECT_CONVERSION = YES_AGGRESSIVE;
				CLANG_CXX_LANGUAGE_STANDARD = "gnu++20";
				CLANG_ENABLE_MODULES = YES;
				CLANG_ENABLE_OBJC_ARC = YES;
				CLANG_ENABLE_OBJC_WEAK = YES;
				CLANG_WARN_BLOCK_CAPTURE_AUTORELEASING = YES;
				CLANG_WARN_BOOL_CONVERSION = YES;
				CLANG_WARN_COMMA = YES;
				CLANG_WARN_CONSTANT_CONVERSION = YES;
				CLANG_WARN_DEPRECATED_OBJC_IMPLEMENTATIONS = YES;
				CLANG_WARN_DIRECT_OBJC_ISA_USAGE = YES_ERROR;
				CLANG_WARN_DOCUMENTATION_COMMENTS = YES;
				CLANG_WARN_EMPTY_BODY = YES;
				CLANG_WARN_ENUM_CONVERSION = YES;
				CLANG_WARN_INFINITE_RECURSION = YES;
				CLANG_WARN_INT_CONVERSION = YES;
				CLANG_WARN_NON_LITERAL_NULL_CONVERSION = YES;
				CLANG_WARN_OBJC_IMPLICIT_RETAIN_SELF = YES;
				CLANG_WARN_OBJC_LITERAL_CONVERSION = YES;
				CLANG_WARN_OBJC_ROOT_CLASS = YES_ERROR;
				CLANG_WARN_QUOTED_INCLUDE_IN_FRAMEWORK_HEADER = YES;
				CLANG_WARN_RANGE_LOOP_ANALYSIS = YES;
				CLANG_WARN_STRICT_PROTOTYPES = YES;
				CLANG_WARN_SUSPICIOUS_MOVE = YES;
				CLANG_WARN_UNGUARDED_AVAILABILITY = YES_AGGRESSIVE;
				CLANG_WARN_UNREACHABLE_CODE = YES;
				CLANG_WARN__DUPLICATE_METHOD_MATCH = YES;
				COPY_PHASE_STRIP = NO;
				CURRENT_PROJECT_VERSION = 1;
				DEBUG_INFORMATION_FORMAT = "dwarf-with-dsym";
				ENABLE_NS_ASSERTIONS = NO;
				ENABLE_STRICT_OBJC_MSGSEND = YES;
				ENABLE_USER_SCRIPT_SANDBOXING = YES;
				GCC_C_LANGUAGE_STANDARD = gnu17;
				GCC_NO_COMMON_BLOCKS = YES;
				GCC_WARN_64_TO_32_BIT_CONVERSION = YES;
				GCC_WARN_ABOUT_RETURN_TYPE = YES_ERROR;
				GCC_WARN_UNDECLARED_SELECTOR = YES;
				GCC_WARN_UNINITIALIZED_AUTOS = YES_AGGRESSIVE;
				GCC_WARN_UNUSED_FUNCTION = YES;
				GCC_WARN_UNUSED_VARIABLE = YES;
				LOCALIZATION_PREFERS_STRING_CATALOGS = YES;
				MTL_ENABLE_DEBUG_INFO = NO;
				MTL_FAST_MATH = YES;
				SWIFT_COMPILATION_MODE = wholemodule;
				VERSIONING_SYSTEM = "apple-generic";
				VERSION_INFO_PREFIX = "";
			};
			name = Release;
		};
		378B1E742C3C973700F644D7 /* Debug */ = {
			isa = XCBuildConfiguration;
			buildSettings = {
				ALLOW_TARGET_PLATFORM_SPECIALIZATION = YES;
				BUILD_LIBRARY_FOR_DISTRIBUTION = YES;
				CODE_SIGN_STYLE = Automatic;
				CURRENT_PROJECT_VERSION = 1;
				DEFINES_MODULE = YES;
				DEVELOPMENT_TEAM = MWM578QRE5;
				DYLIB_COMPATIBILITY_VERSION = 1;
				DYLIB_CURRENT_VERSION = 1;
				DYLIB_INSTALL_NAME_BASE = "@rpath";
				ENABLE_MODULE_VERIFIER = YES;
				GENERATE_INFOPLIST_FILE = YES;
				INFOPLIST_KEY_NSHumanReadableCopyright = "";
				INSTALL_PATH = "$(LOCAL_LIBRARY_DIR)/Frameworks";
				IPHONEOS_DEPLOYMENT_TARGET = 18.0;
				LD_RUNPATH_SEARCH_PATHS = (
					"@executable_path/Frameworks",
					"@loader_path/Frameworks",
				);
				"LD_RUNPATH_SEARCH_PATHS[sdk=macosx*]" = (
					"@executable_path/../Frameworks",
					"@loader_path/Frameworks",
				);
				MACOSX_DEPLOYMENT_TARGET = 14.5;
				MARKETING_VERSION = 1.0;
				MODULE_VERIFIER_SUPPORTED_LANGUAGES = "objective-c objective-c++";
				MODULE_VERIFIER_SUPPORTED_LANGUAGE_STANDARDS = "gnu17 gnu++20";
				PRODUCT_BUNDLE_IDENTIFIER = com.eborrowman.APIInteractor;
				PRODUCT_NAME = "$(TARGET_NAME:c99extidentifier)";
				SDKROOT = auto;
				SKIP_INSTALL = YES;
				SUPPORTED_PLATFORMS = "iphoneos iphonesimulator macosx xros xrsimulator";
				SWIFT_EMIT_LOC_STRINGS = YES;
				SWIFT_INSTALL_OBJC_HEADER = NO;
				SWIFT_VERSION = 5.0;
				TARGETED_DEVICE_FAMILY = "1,2,7";
				XROS_DEPLOYMENT_TARGET = 2.0;
			};
			name = Debug;
		};
		378B1E752C3C973700F644D7 /* Release */ = {
			isa = XCBuildConfiguration;
			buildSettings = {
				ALLOW_TARGET_PLATFORM_SPECIALIZATION = YES;
				BUILD_LIBRARY_FOR_DISTRIBUTION = YES;
				CODE_SIGN_STYLE = Automatic;
				CURRENT_PROJECT_VERSION = 1;
				DEFINES_MODULE = YES;
				DEVELOPMENT_TEAM = MWM578QRE5;
				DYLIB_COMPATIBILITY_VERSION = 1;
				DYLIB_CURRENT_VERSION = 1;
				DYLIB_INSTALL_NAME_BASE = "@rpath";
				ENABLE_MODULE_VERIFIER = YES;
				GENERATE_INFOPLIST_FILE = YES;
				INFOPLIST_KEY_NSHumanReadableCopyright = "";
				INSTALL_PATH = "$(LOCAL_LIBRARY_DIR)/Frameworks";
				IPHONEOS_DEPLOYMENT_TARGET = 18.0;
				LD_RUNPATH_SEARCH_PATHS = (
					"@executable_path/Frameworks",
					"@loader_path/Frameworks",
				);
				"LD_RUNPATH_SEARCH_PATHS[sdk=macosx*]" = (
					"@executable_path/../Frameworks",
					"@loader_path/Frameworks",
				);
				MACOSX_DEPLOYMENT_TARGET = 14.5;
				MARKETING_VERSION = 1.0;
				MODULE_VERIFIER_SUPPORTED_LANGUAGES = "objective-c objective-c++";
				MODULE_VERIFIER_SUPPORTED_LANGUAGE_STANDARDS = "gnu17 gnu++20";
				PRODUCT_BUNDLE_IDENTIFIER = com.eborrowman.APIInteractor;
				PRODUCT_NAME = "$(TARGET_NAME:c99extidentifier)";
				SDKROOT = auto;
				SKIP_INSTALL = YES;
				SUPPORTED_PLATFORMS = "iphoneos iphonesimulator macosx xros xrsimulator";
				SWIFT_EMIT_LOC_STRINGS = YES;
				SWIFT_INSTALL_OBJC_HEADER = NO;
				SWIFT_VERSION = 5.0;
				TARGETED_DEVICE_FAMILY = "1,2,7";
				XROS_DEPLOYMENT_TARGET = 2.0;
			};
			name = Release;
		};
		378B1E772C3C973700F644D7 /* Debug */ = {
			isa = XCBuildConfiguration;
			buildSettings = {
				ALLOW_TARGET_PLATFORM_SPECIALIZATION = YES;
				CODE_SIGN_STYLE = Automatic;
				CURRENT_PROJECT_VERSION = 1;
				DEVELOPMENT_TEAM = MWM578QRE5;
				GENERATE_INFOPLIST_FILE = YES;
				IPHONEOS_DEPLOYMENT_TARGET = 18.0;
				MACOSX_DEPLOYMENT_TARGET = 14.5;
				MARKETING_VERSION = 1.0;
				PRODUCT_BUNDLE_IDENTIFIER = com.eborrowman.APIInteractorTests;
				PRODUCT_NAME = "$(TARGET_NAME)";
				SDKROOT = auto;
				SUPPORTED_PLATFORMS = "iphoneos iphonesimulator macosx xros xrsimulator";
				SWIFT_EMIT_LOC_STRINGS = NO;
				SWIFT_VERSION = 5.0;
				TARGETED_DEVICE_FAMILY = "1,2,7";
				XROS_DEPLOYMENT_TARGET = 2.0;
			};
			name = Debug;
		};
		378B1E782C3C973700F644D7 /* Release */ = {
			isa = XCBuildConfiguration;
			buildSettings = {
				ALLOW_TARGET_PLATFORM_SPECIALIZATION = YES;
				CODE_SIGN_STYLE = Automatic;
				CURRENT_PROJECT_VERSION = 1;
				DEVELOPMENT_TEAM = MWM578QRE5;
				GENERATE_INFOPLIST_FILE = YES;
				IPHONEOS_DEPLOYMENT_TARGET = 18.0;
				MACOSX_DEPLOYMENT_TARGET = 14.5;
				MARKETING_VERSION = 1.0;
				PRODUCT_BUNDLE_IDENTIFIER = com.eborrowman.APIInteractorTests;
				PRODUCT_NAME = "$(TARGET_NAME)";
				SDKROOT = auto;
				SUPPORTED_PLATFORMS = "iphoneos iphonesimulator macosx xros xrsimulator";
				SWIFT_EMIT_LOC_STRINGS = NO;
				SWIFT_VERSION = 5.0;
				TARGETED_DEVICE_FAMILY = "1,2,7";
				XROS_DEPLOYMENT_TARGET = 2.0;
			};
			name = Release;
		};
/* End XCBuildConfiguration section */

/* Begin XCConfigurationList section */
		378B1E592C3C973700F644D7 /* Build configuration list for PBXProject "APIInteractor" */ = {
			isa = XCConfigurationList;
			buildConfigurations = (
				378B1E712C3C973700F644D7 /* Debug */,
				378B1E722C3C973700F644D7 /* Release */,
			);
			defaultConfigurationIsVisible = 0;
			defaultConfigurationName = Release;
		};
		378B1E732C3C973700F644D7 /* Build configuration list for PBXNativeTarget "APIInteractor" */ = {
			isa = XCConfigurationList;
			buildConfigurations = (
				378B1E742C3C973700F644D7 /* Debug */,
				378B1E752C3C973700F644D7 /* Release */,
			);
			defaultConfigurationIsVisible = 0;
			defaultConfigurationName = Release;
		};
		378B1E762C3C973700F644D7 /* Build configuration list for PBXNativeTarget "APIInteractorTests" */ = {
			isa = XCConfigurationList;
			buildConfigurations = (
				378B1E772C3C973700F644D7 /* Debug */,
				378B1E782C3C973700F644D7 /* Release */,
			);
			defaultConfigurationIsVisible = 0;
			defaultConfigurationName = Release;
		};
/* End XCConfigurationList section */
	};
	rootObject = 378B1E562C3C973700F644D7 /* Project object */;
}
